
Microsoft Visual Studio Solution File, Format Version 12.00
# Visual Studio 15
VisualStudioVersion = 15.0.27428.1
MinimumVisualStudioVersion = 10.0.40219.1
Project("{FAE04EC0-301F-11D3-BF4B-00C04F79EFBC}") = "Data", "Data\Data.csproj", "{BAD89532-FD04-4DF4-9D25-319E960E7A53}"
EndProject
Project("{2150E333-8FDC-42A3-9474-1A3956D46DE8}") = "Solution Items", "Solution Items", "{3713C2A2-A3AE-4A21-B447-A0ECD4C9DE23}"
	ProjectSection(SolutionItems) = preProject
		..\..\..\..\..\..\..\School\Hogeschool\logoOP3.png = ..\..\..\..\..\..\..\School\Hogeschool\logoOP3.png
	EndProjectSection
EndProject
Global
	GlobalSection(SolutionConfigurationPlatforms) = preSolution
		Debug|Any CPU = Debug|Any CPU
		Release|Any CPU = Release|Any CPU
	EndGlobalSection
	GlobalSection(ProjectConfigurationPlatforms) = postSolution
		{BAD89532-FD04-4DF4-9D25-319E960E7A53}.Debug|Any CPU.ActiveCfg = Debug|Any CPU
		{BAD89532-FD04-4DF4-9D25-319E960E7A53}.Debug|Any CPU.Build.0 = Debug|Any CPU
		{BAD89532-FD04-4DF4-9D25-319E960E7A53}.Release|Any CPU.ActiveCfg = Release|Any CPU
		{BAD89532-FD04-4DF4-9D25-319E960E7A53}.Release|Any CPU.Build.0 = Release|Any CPU
	EndGlobalSection
	GlobalSection(SolutionProperties) = preSolution
		HideSolutionNode = FALSE
	EndGlobalSection
	GlobalSection(ExtensibilityGlobals) = postSolution
		SolutionGuid = {60A506E1-8BF3-46AA-B7F9-EB11F6311E1A}
	EndGlobalSection
EndGlobal
